
Microsoft Visual Studio Solution File, Format Version 12.00
# Visual Studio Version 17
VisualStudioVersion = 17.0.31903.59
MinimumVisualStudioVersion = 10.0.40219.1
Project("{FAE04EC0-301F-11D3-BF4B-00C04F79EFBC}") = "SpeechRecognitionBall", "SpeechRecognitionBall\SpeechRecognitionBall.csproj", "{69968A07-4D03-4B1B-9B4B-9E4B72A34419}"
EndProject
Project("{9A19103F-16F7-4668-BE54-9A1E7A4F7556}") = "CommandPattern", "CommandPattern\CommandPattern.csproj", "{7186C223-2BCB-4616-A7C2-BF564357835A}"
EndProject
Project("{FAE04EC0-301F-11D3-BF4B-00C04F79EFBC}") = "Controls", "Controls\Controls.csproj", "{5D228BE4-71B4-4ECC-B4EA-F0EBB2042293}"
EndProject
Project("{9A19103F-16F7-4668-BE54-9A1E7A4F7556}") = "AsyncAwait", "AsyncAwait\AsyncAwait.csproj", "{E5F90135-003D-480C-A46C-3B1F4268DE9F}"
EndProject
Project("{FAE04EC0-301F-11D3-BF4B-00C04F79EFBC}") = "Layouts", "Layouts\Layouts.csproj", "{78C8BA80-253E-43D0-9BE0-0B8256172736}"
EndProject
Project("{2150E333-8FDC-42A3-9474-1A3956D46DE8}") = "WorkShop", "WorkShop", "{24F71648-D8B4-4E27-AAD3-24921F2B23C1}"
EndProject
Project("{FAE04EC0-301F-11D3-BF4B-00C04F79EFBC}") = "WorkShopShirt", "WorkShopShirt\WorkShopShirt.csproj", "{E4DC9F5C-F120-47D9-B9DE-5CC24BE7061E}"
EndProject
Project("{FAE04EC0-301F-11D3-BF4B-00C04F79EFBC}") = "Data", "Data\Data.csproj", "{D4C3B061-5CD4-44D2-8454-644C760482DC}"
EndProject
Project("{FAE04EC0-301F-11D3-BF4B-00C04F79EFBC}") = "ShirtsModels", "ShirtsModels\ShirtsModels.csproj", "{E9299367-FBE9-4FEB-A4D8-274003D7E4E6}"
EndProject
Project("{FAE04EC0-301F-11D3-BF4B-00C04F79EFBC}") = "DataBinding", "DataBinding\DataBinding.csproj", "{CF6FD368-2F6F-4FAF-B648-4BCF35018435}"
EndProject
Project("{FAE04EC0-301F-11D3-BF4B-00C04F79EFBC}") = "Styling", "Styling\Styling.csproj", "{FE2B1294-0D4C-427B-8931-719C0A72D0D2}"
EndProject
Project("{2150E333-8FDC-42A3-9474-1A3956D46DE8}") = "WorkShopChess", "WorkShopChess", "{746BB424-F73F-4C64-82BE-BF77BA7944B7}"
EndProject
Project("{FAE04EC0-301F-11D3-BF4B-00C04F79EFBC}") = "ChessBazar", "WorkShopChess\ChessBazar\ChessBazar.csproj", "{DEC76E78-457B-4B6A-8925-C2C30A57D4F7}"
EndProject
Project("{FAE04EC0-301F-11D3-BF4B-00C04F79EFBC}") = "ChessBazar.Data", "WorkShopChess\ChessBazar.Data\ChessBazar.Data.csproj", "{18C9C981-AE67-412A-9F76-90F7DBCF3111}"
EndProject
Project("{FAE04EC0-301F-11D3-BF4B-00C04F79EFBC}") = "RoutedEventArgsExample", "RoutedEventArgsExample\RoutedEventArgsExample.csproj", "{78B00F5E-4A7C-4C05-BFAA-393F3959927F}"
EndProject
Project("{FAE04EC0-301F-11D3-BF4B-00C04F79EFBC}") = "NavigationAndEvents", "NavigationAndEvents\NavigationAndEvents.csproj", "{F4F2163D-E7C1-4749-9FEF-CB2F6010624E}"
EndProject
Global
	GlobalSection(SolutionConfigurationPlatforms) = preSolution
		Debug|Any CPU = Debug|Any CPU
		Release|Any CPU = Release|Any CPU
	EndGlobalSection
	GlobalSection(ProjectConfigurationPlatforms) = postSolution
		{69968A07-4D03-4B1B-9B4B-9E4B72A34419}.Debug|Any CPU.ActiveCfg = Debug|Any CPU
		{69968A07-4D03-4B1B-9B4B-9E4B72A34419}.Debug|Any CPU.Build.0 = Debug|Any CPU
		{69968A07-4D03-4B1B-9B4B-9E4B72A34419}.Release|Any CPU.ActiveCfg = Release|Any CPU
		{69968A07-4D03-4B1B-9B4B-9E4B72A34419}.Release|Any CPU.Build.0 = Release|Any CPU
		{7186C223-2BCB-4616-A7C2-BF564357835A}.Debug|Any CPU.ActiveCfg = Debug|Any CPU
		{7186C223-2BCB-4616-A7C2-BF564357835A}.Debug|Any CPU.Build.0 = Debug|Any CPU
		{7186C223-2BCB-4616-A7C2-BF564357835A}.Release|Any CPU.ActiveCfg = Release|Any CPU
		{7186C223-2BCB-4616-A7C2-BF564357835A}.Release|Any CPU.Build.0 = Release|Any CPU
		{5D228BE4-71B4-4ECC-B4EA-F0EBB2042293}.Debug|Any CPU.ActiveCfg = Debug|Any CPU
		{5D228BE4-71B4-4ECC-B4EA-F0EBB2042293}.Debug|Any CPU.Build.0 = Debug|Any CPU
		{5D228BE4-71B4-4ECC-B4EA-F0EBB2042293}.Release|Any CPU.ActiveCfg = Release|Any CPU
		{5D228BE4-71B4-4ECC-B4EA-F0EBB2042293}.Release|Any CPU.Build.0 = Release|Any CPU
		{E5F90135-003D-480C-A46C-3B1F4268DE9F}.Debug|Any CPU.ActiveCfg = Debug|Any CPU
		{E5F90135-003D-480C-A46C-3B1F4268DE9F}.Debug|Any CPU.Build.0 = Debug|Any CPU
		{E5F90135-003D-480C-A46C-3B1F4268DE9F}.Release|Any CPU.ActiveCfg = Release|Any CPU
		{E5F90135-003D-480C-A46C-3B1F4268DE9F}.Release|Any CPU.Build.0 = Release|Any CPU
		{78C8BA80-253E-43D0-9BE0-0B8256172736}.Debug|Any CPU.ActiveCfg = Debug|Any CPU
		{78C8BA80-253E-43D0-9BE0-0B8256172736}.Debug|Any CPU.Build.0 = Debug|Any CPU
		{78C8BA80-253E-43D0-9BE0-0B8256172736}.Release|Any CPU.ActiveCfg = Release|Any CPU
		{78C8BA80-253E-43D0-9BE0-0B8256172736}.Release|Any CPU.Build.0 = Release|Any CPU
		{E4DC9F5C-F120-47D9-B9DE-5CC24BE7061E}.Debug|Any CPU.ActiveCfg = Debug|Any CPU
		{E4DC9F5C-F120-47D9-B9DE-5CC24BE7061E}.Debug|Any CPU.Build.0 = Debug|Any CPU
		{E4DC9F5C-F120-47D9-B9DE-5CC24BE7061E}.Release|Any CPU.ActiveCfg = Release|Any CPU
		{E4DC9F5C-F120-47D9-B9DE-5CC24BE7061E}.Release|Any CPU.Build.0 = Release|Any CPU
		{D4C3B061-5CD4-44D2-8454-644C760482DC}.Debug|Any CPU.ActiveCfg = Debug|Any CPU
		{D4C3B061-5CD4-44D2-8454-644C760482DC}.Debug|Any CPU.Build.0 = Debug|Any CPU
		{D4C3B061-5CD4-44D2-8454-644C760482DC}.Release|Any CPU.ActiveCfg = Release|Any CPU
		{D4C3B061-5CD4-44D2-8454-644C760482DC}.Release|Any CPU.Build.0 = Release|Any CPU
		{E9299367-FBE9-4FEB-A4D8-274003D7E4E6}.Debug|Any CPU.ActiveCfg = Debug|Any CPU
		{E9299367-FBE9-4FEB-A4D8-274003D7E4E6}.Debug|Any CPU.Build.0 = Debug|Any CPU
		{E9299367-FBE9-4FEB-A4D8-274003D7E4E6}.Release|Any CPU.ActiveCfg = Release|Any CPU
		{E9299367-FBE9-4FEB-A4D8-274003D7E4E6}.Release|Any CPU.Build.0 = Release|Any CPU
		{CF6FD368-2F6F-4FAF-B648-4BCF35018435}.Debug|Any CPU.ActiveCfg = Debug|Any CPU
		{CF6FD368-2F6F-4FAF-B648-4BCF35018435}.Debug|Any CPU.Build.0 = Debug|Any CPU
		{CF6FD368-2F6F-4FAF-B648-4BCF35018435}.Release|Any CPU.ActiveCfg = Release|Any CPU
		{CF6FD368-2F6F-4FAF-B648-4BCF35018435}.Release|Any CPU.Build.0 = Release|Any CPU
		{FE2B1294-0D4C-427B-8931-719C0A72D0D2}.Debug|Any CPU.ActiveCfg = Debug|Any CPU
		{FE2B1294-0D4C-427B-8931-719C0A72D0D2}.Debug|Any CPU.Build.0 = Debug|Any CPU
		{FE2B1294-0D4C-427B-8931-719C0A72D0D2}.Release|Any CPU.ActiveCfg = Release|Any CPU
		{FE2B1294-0D4C-427B-8931-719C0A72D0D2}.Release|Any CPU.Build.0 = Release|Any CPU
		{DEC76E78-457B-4B6A-8925-C2C30A57D4F7}.Debug|Any CPU.ActiveCfg = Debug|Any CPU
		{DEC76E78-457B-4B6A-8925-C2C30A57D4F7}.Debug|Any CPU.Build.0 = Debug|Any CPU
		{DEC76E78-457B-4B6A-8925-C2C30A57D4F7}.Release|Any CPU.ActiveCfg = Release|Any CPU
		{DEC76E78-457B-4B6A-8925-C2C30A57D4F7}.Release|Any CPU.Build.0 = Release|Any CPU
		{18C9C981-AE67-412A-9F76-90F7DBCF3111}.Debug|Any CPU.ActiveCfg = Debug|Any CPU
		{18C9C981-AE67-412A-9F76-90F7DBCF3111}.Debug|Any CPU.Build.0 = Debug|Any CPU
		{18C9C981-AE67-412A-9F76-90F7DBCF3111}.Release|Any CPU.ActiveCfg = Release|Any CPU
		{18C9C981-AE67-412A-9F76-90F7DBCF3111}.Release|Any CPU.Build.0 = Release|Any CPU
		{78B00F5E-4A7C-4C05-BFAA-393F3959927F}.Debug|Any CPU.ActiveCfg = Debug|Any CPU
		{78B00F5E-4A7C-4C05-BFAA-393F3959927F}.Debug|Any CPU.Build.0 = Debug|Any CPU
		{78B00F5E-4A7C-4C05-BFAA-393F3959927F}.Release|Any CPU.ActiveCfg = Release|Any CPU
		{78B00F5E-4A7C-4C05-BFAA-393F3959927F}.Release|Any CPU.Build.0 = Release|Any CPU
		{F4F2163D-E7C1-4749-9FEF-CB2F6010624E}.Debug|Any CPU.ActiveCfg = Debug|Any CPU
		{F4F2163D-E7C1-4749-9FEF-CB2F6010624E}.Debug|Any CPU.Build.0 = Debug|Any CPU
		{F4F2163D-E7C1-4749-9FEF-CB2F6010624E}.Release|Any CPU.ActiveCfg = Release|Any CPU
		{F4F2163D-E7C1-4749-9FEF-CB2F6010624E}.Release|Any CPU.Build.0 = Release|Any CPU
	EndGlobalSection
	GlobalSection(SolutionProperties) = preSolution
		HideSolutionNode = FALSE
	EndGlobalSection
	GlobalSection(NestedProjects) = preSolution
		{E4DC9F5C-F120-47D9-B9DE-5CC24BE7061E} = {24F71648-D8B4-4E27-AAD3-24921F2B23C1}
		{D4C3B061-5CD4-44D2-8454-644C760482DC} = {24F71648-D8B4-4E27-AAD3-24921F2B23C1}
		{E9299367-FBE9-4FEB-A4D8-274003D7E4E6} = {24F71648-D8B4-4E27-AAD3-24921F2B23C1}
		{DEC76E78-457B-4B6A-8925-C2C30A57D4F7} = {746BB424-F73F-4C64-82BE-BF77BA7944B7}
		{18C9C981-AE67-412A-9F76-90F7DBCF3111} = {746BB424-F73F-4C64-82BE-BF77BA7944B7}
	EndGlobalSection
	GlobalSection(ExtensibilityGlobals) = postSolution
		SolutionGuid = {E8F5474B-2F97-4365-94CE-271094152706}
	EndGlobalSection
EndGlobal
